{
  "lockfile_version": "1",
  "packages": {
    "R@latest": {
      "last_modified": "2024-11-28T07:51:56Z",
      "resolved": "github:NixOS/nixpkgs/226216574ada4c3ecefcbbec41f39ce4655f78ef#R",
      "source": "devbox-search",
      "version": "4.4.1",
      "systems": {
        "aarch64-darwin": {
          "outputs": [
            {
              "name": "out",
              "path": "/nix/store/gmhs70gp65zbx7swbaqjnxia18b5a27m-R-4.4.1",
              "default": true
            },
            {
              "name": "tex",
              "path": "/nix/store/n5vhahh3zsxcprkapyjf64gy5mwg0hvx-R-4.4.1-tex"
            }
          ],
          "store_path": "/nix/store/gmhs70gp65zbx7swbaqjnxia18b5a27m-R-4.4.1"
        },
        "aarch64-linux": {
          "outputs": [
            {
              "name": "out",
              "path": "/nix/store/7x7m7gzcihq9236byj9w45zm9zbkilnl-R-4.4.1",
              "default": true
            },
            {
              "name": "tex",
              "path": "/nix/store/6ggjy7hlhfyzxx00lqxs4zmg8fnyirqx-R-4.4.1-tex"
            }
          ],
          "store_path": "/nix/store/7x7m7gzcihq9236byj9w45zm9zbkilnl-R-4.4.1"
        },
        "x86_64-darwin": {
          "outputs": [
            {
              "name": "out",
              "path": "/nix/store/apd3h3zrq9hc94mkrdmpczzv7pln92qy-R-4.4.1",
              "default": true
            },
            {
              "name": "tex",
              "path": "/nix/store/mamsck38mq6q8w9hcppnhdkj23j1jyps-R-4.4.1-tex"
            }
          ],
          "store_path": "/nix/store/apd3h3zrq9hc94mkrdmpczzv7pln92qy-R-4.4.1"
        },
        "x86_64-linux": {
          "outputs": [
            {
              "name": "out",
              "path": "/nix/store/fg6cz8789xf8djg174jhjqh1md9mivkb-R-4.4.1",
              "default": true
            },
            {
              "name": "tex",
              "path": "/nix/store/fg7l28xm46apgxhs76khp01brsz2agnw-R-4.4.1-tex"
            }
          ],
          "store_path": "/nix/store/fg6cz8789xf8djg174jhjqh1md9mivkb-R-4.4.1"
        }
      }
    },
    "rPackages.gt@latest": {
      "last_modified": "2024-12-03T12:40:06Z",
      "resolved": "github:NixOS/nixpkgs/566e53c2ad750c84f6d31f9ccb9d00f823165550#rPackages.gt",
      "source": "devbox-search",
      "version": "0.11.0",
      "systems": {
        "aarch64-darwin": {
          "outputs": [
            {
              "name": "out",
              "path": "/nix/store/rh4z4bq3ingyrgykl0y0x0ajh25sndj2-r-gt-0.11.0",
              "default": true
            }
          ],
          "store_path": "/nix/store/rh4z4bq3ingyrgykl0y0x0ajh25sndj2-r-gt-0.11.0"
        },
        "aarch64-linux": {
          "outputs": [
            {
              "name": "out",
              "path": "/nix/store/hnlcihznyfij2ylv54a90l4szfglkag8-r-gt-0.11.0",
              "default": true
            }
          ],
          "store_path": "/nix/store/hnlcihznyfij2ylv54a90l4szfglkag8-r-gt-0.11.0"
        },
        "x86_64-darwin": {
          "outputs": [
            {
              "name": "out",
              "path": "/nix/store/s1dwxs7vb42a1svc0034pvcff6cp3kyn-r-gt-0.11.0",
              "default": true
            }
          ],
          "store_path": "/nix/store/s1dwxs7vb42a1svc0034pvcff6cp3kyn-r-gt-0.11.0"
        },
        "x86_64-linux": {
          "outputs": [
            {
              "name": "out",
              "path": "/nix/store/0k6d35kgr2kmkfpl36n2jk5p42l0g4ns-r-gt-0.11.0",
              "default": true
            }
          ],
          "store_path": "/nix/store/0k6d35kgr2kmkfpl36n2jk5p42l0g4ns-r-gt-0.11.0"
        }
      }
    },
    "rPackages.hrbrthemes@latest": {
      "last_modified": "2024-12-03T12:40:06Z",
      "resolved": "github:NixOS/nixpkgs/566e53c2ad750c84f6d31f9ccb9d00f823165550#rPackages.hrbrthemes",
      "source": "devbox-search",
      "version": "0.8.7",
      "systems": {
        "aarch64-darwin": {
          "outputs": [
            {
              "name": "out",
              "path": "/nix/store/r73av30hszz9yq0y0avp46fzlzw32jqh-r-hrbrthemes-0.8.7",
              "default": true
            }
          ],
          "store_path": "/nix/store/r73av30hszz9yq0y0avp46fzlzw32jqh-r-hrbrthemes-0.8.7"
        },
        "aarch64-linux": {
          "outputs": [
            {
              "name": "out",
              "path": "/nix/store/42db0zbppzwhvgsn2rcqz738xhmw22y2-r-hrbrthemes-0.8.7",
              "default": true
            }
          ],
          "store_path": "/nix/store/42db0zbppzwhvgsn2rcqz738xhmw22y2-r-hrbrthemes-0.8.7"
        },
        "x86_64-darwin": {
          "outputs": [
            {
              "name": "out",
              "path": "/nix/store/fcf6qj0cqqnv1wshyn27y2ag0klrj86j-r-hrbrthemes-0.8.7",
              "default": true
            }
          ],
          "store_path": "/nix/store/fcf6qj0cqqnv1wshyn27y2ag0klrj86j-r-hrbrthemes-0.8.7"
        },
        "x86_64-linux": {
          "outputs": [
            {
              "name": "out",
              "path": "/nix/store/556yrd1rvbfzs14qihdc0828sbzawlrw-r-hrbrthemes-0.8.7",
              "default": true
            }
          ],
          "store_path": "/nix/store/556yrd1rvbfzs14qihdc0828sbzawlrw-r-hrbrthemes-0.8.7"
        }
      }
    },
    "rPackages.httpgd@latest": {
      "last_modified": "2024-12-03T12:40:06Z",
      "resolved": "github:NixOS/nixpkgs/566e53c2ad750c84f6d31f9ccb9d00f823165550#rPackages.httpgd",
      "source": "devbox-search",
      "version": "2.0.2",
      "systems": {
        "aarch64-darwin": {
          "outputs": [
            {
              "name": "out",
              "path": "/nix/store/kxvjzp5j1grk9xwz98micg8wza2pq4q1-r-httpgd-2.0.2",
              "default": true
            }
          ],
          "store_path": "/nix/store/kxvjzp5j1grk9xwz98micg8wza2pq4q1-r-httpgd-2.0.2"
        },
        "aarch64-linux": {
          "outputs": [
            {
              "name": "out",
              "path": "/nix/store/i4m720j5v3p6qaygq9b6fkidy21k95hk-r-httpgd-2.0.2",
              "default": true
            }
          ],
          "store_path": "/nix/store/i4m720j5v3p6qaygq9b6fkidy21k95hk-r-httpgd-2.0.2"
        },
        "x86_64-darwin": {
          "outputs": [
            {
              "name": "out",
              "path": "/nix/store/1j4jqjz20sgvv7k3a3insaxbmdsjk3vi-r-httpgd-2.0.2",
              "default": true
            }
          ],
          "store_path": "/nix/store/1j4jqjz20sgvv7k3a3insaxbmdsjk3vi-r-httpgd-2.0.2"
        },
        "x86_64-linux": {
          "outputs": [
            {
              "name": "out",
              "path": "/nix/store/rqyy5j782cfm920vb0c32dskc94j08nc-r-httpgd-2.0.2",
              "default": true
            }
          ],
          "store_path": "/nix/store/rqyy5j782cfm920vb0c32dskc94j08nc-r-httpgd-2.0.2"
        }
      }
    },
    "rPackages.tidyverse@latest": {
      "last_modified": "2024-12-03T12:40:06Z",
      "resolved": "github:NixOS/nixpkgs/566e53c2ad750c84f6d31f9ccb9d00f823165550#rPackages.tidyverse",
      "source": "devbox-search",
      "version": "2.0.0",
      "systems": {
        "aarch64-darwin": {
          "outputs": [
            {
              "name": "out",
              "path": "/nix/store/3nyx15pkamzm5zrjd638cc1vmchji650-r-tidyverse-2.0.0",
              "default": true
            }
          ],
          "store_path": "/nix/store/3nyx15pkamzm5zrjd638cc1vmchji650-r-tidyverse-2.0.0"
        },
        "aarch64-linux": {
          "outputs": [
            {
              "name": "out",
              "path": "/nix/store/kcvfvzz6r6hpvkgpxqn0bkmc2064zn9v-r-tidyverse-2.0.0",
              "default": true
            }
          ],
          "store_path": "/nix/store/kcvfvzz6r6hpvkgpxqn0bkmc2064zn9v-r-tidyverse-2.0.0"
        },
        "x86_64-darwin": {
          "outputs": [
            {
              "name": "out",
              "path": "/nix/store/fnladldhpaxclmvkvr9wbz3r6nsi02x1-r-tidyverse-2.0.0",
              "default": true
            }
          ],
          "store_path": "/nix/store/fnladldhpaxclmvkvr9wbz3r6nsi02x1-r-tidyverse-2.0.0"
        },
        "x86_64-linux": {
          "outputs": [
            {
              "name": "out",
              "path": "/nix/store/h0bp587fr89i5hjrkwyzbamq0c0qsd2m-r-tidyverse-2.0.0",
              "default": true
            }
          ],
          "store_path": "/nix/store/h0bp587fr89i5hjrkwyzbamq0c0qsd2m-r-tidyverse-2.0.0"
        }
      }
    }
  }
}
